PODS:
  - Alamofire (4.9.1)
  - TUSKit (1.4.2)

DEPENDENCIES:
  - Alamofire (~> 4.4)
  - TUSKit (from `easyupload/Libraries/TUSKit/`)

SPEC REPOS:
  trunk:
    - Alamofire

EXTERNAL SOURCES:
  TUSKit:
    :path: easyupload/Libraries/TUSKit/

SPEC CHECKSUMS:
  Alamofire: 85e8a02c69d6020a0d734f6054870d7ecb75cf18
  TUSKit: 72464dc807f77640f3a25ed1c9d0b12ce953de0c

PODFILE CHECKSUM: b6d8fba75fe38d986b62fc7bcee41364fd11be03

COCOAPODS: 1.8.4
